// !$*UTF8*$!
{
	archiveVersion = 1;
	classes = {
	};
	objectVersion = 50;
	objects = {

/* Begin PBXBuildFile section */
		65DB2671259C45920039B573 /* AppDelegate.m in Sources */ = {isa = PBXBuildFile; fileRef = 65DB2670259C45920039B573 /* AppDelegate.m */; };
		65DB2674259C45920039B573 /* SceneDelegate.m in Sources */ = {isa = PBXBuildFile; fileRef = 65DB2673259C45920039B573 /* SceneDelegate.m */; };
		65DB2677259C45920039B573 /* ViewController.m in Sources */ = {isa = PBXBuildFile; fileRef = 65DB2676259C45920039B573 /* ViewController.m */; };
		65DB267A259C45920039B573 /* Main.storyboard in Resources */ = {isa = PBXBuildFile; fileRef = 65DB2678259C45920039B573 /* Main.storyboard */; };
		65DB267D259C45920039B573 /* iOSXibLayout.xcdatamodeld in Sources */ = {isa = PBXBuildFile; fileRef = 65DB267B259C45920039B573 /* iOSXibLayout.xcdatamodeld */; };
		65DB267F259C45970039B573 /* Assets.xcassets in Resources */ = {isa = PBXBuildFile; fileRef = 65DB267E259C45970039B573 /* Assets.xcassets */; };
		65DB2682259C45970039B573 /* LaunchScreen.storyboard in Resources */ = {isa = PBXBuildFile; fileRef = 65DB2680259C45970039B573 /* LaunchScreen.storyboard */; };
		65DB2685259C45970039B573 /* main.m in Sources */ = {isa = PBXBuildFile; fileRef = 65DB2684259C45970039B573 /* main.m */; };
		65DB268F259C45970039B573 /* iOSXibLayoutTests.m in Sources */ = {isa = PBXBuildFile; fileRef = 65DB268E259C45970039B573 /* iOSXibLayoutTests.m */; };
		65DB269A259C45970039B573 /* iOSXibLayoutUITests.m in Sources */ = {isa = PBXBuildFile; fileRef = 65DB2699259C45970039B573 /* iOSXibLayoutUITests.m */; };
/* End PBXBuildFile section */

/* Begin PBXContainerItemProxy section */
		65DB268B259C45970039B573 /* PBXContainerItemProxy */ = {
			isa = PBXContainerItemProxy;
			containerPortal = 65DB2664259C45920039B573 /* Project object */;
			proxyType = 1;
			remoteGlobalIDString = 65DB266B259C45920039B573;
			remoteInfo = iOSXibLayout;
		};
		65DB2696259C45970039B573 /* PBXContainerItemProxy */ = {
			isa = PBXContainerItemProxy;
			containerPortal = 65DB2664259C45920039B573 /* Project object */;
			proxyType = 1;
			remoteGlobalIDString = 65DB266B259C45920039B573;
			remoteInfo = iOSXibLayout;
		};
/* End PBXContainerItemProxy section */

/* Begin PBXFileReference section */
		65DB266C259C45920039B573 /* iOSXibLayout.app */ = {isa = PBXFileReference; explicitFileType = wrapper.application; includeInIndex = 0; path = iOSXibLayout.app; sourceTree = BUILT_PRODUCTS_DIR; };
		65DB266F259C45920039B573 /* AppDelegate.h */ = {isa = PBXFileReference; lastKnownFileType = sourcecode.c.h; path = AppDelegate.h; sourceTree = "<group>"; };
		65DB2670259C45920039B573 /* AppDelegate.m */ = {isa = PBXFileReference; lastKnownFileType = sourcecode.c.objc; path = AppDelegate.m; sourceTree = "<group>"; };
		65DB2672259C45920039B573 /* SceneDelegate.h */ = {isa = PBXFileReference; lastKnownFileType = sourcecode.c.h; path = SceneDelegate.h; sourceTree = "<group>"; };
		65DB2673259C45920039B573 /* SceneDelegate.m */ = {isa = PBXFileReference; lastKnownFileType = sourcecode.c.objc; path = SceneDelegate.m; sourceTree = "<group>"; };
		65DB2675259C45920039B573 /* ViewController.h */ = {isa = PBXFileReference; lastKnownFileType = sourcecode.c.h; path = ViewController.h; sourceTree = "<group>"; };
		65DB2676259C45920039B573 /* ViewController.m */ = {isa = PBXFileReference; lastKnownFileType = sourcecode.c.objc; path = ViewController.m; sourceTree = "<group>"; };
		65DB2679259C45920039B573 /* Base */ = {isa = PBXFileReference; lastKnownFileType = file.storyboard; name = Base; path = Base.lproj/Main.storyboard; sourceTree = "<group>"; };
		65DB267C259C45920039B573 /* iOSXibLayout.xcdatamodel */ = {isa = PBXFileReference; lastKnownFileType = wrapper.xcdatamodel; path = iOSXibLayout.xcdatamodel; sourceTree = "<group>"; };
		65DB267E259C45970039B573 /* Assets.xcassets */ = {isa = PBXFileReference; lastKnownFileType = folder.assetcatalog; path = Assets.xcassets; sourceTree = "<group>"; };
		65DB2681259C45970039B573 /* Base */ = {isa = PBXFileReference; lastKnownFileType = file.storyboard; name = Base; path = Base.lproj/LaunchScreen.storyboard; sourceTree = "<group>"; };
		65DB2683259C45970039B573 /* Info.plist */ = {isa = PBXFileReference; lastKnownFileType = text.plist.xml; path = Info.plist; sourceTree = "<group>"; };
		65DB2684259C45970039B573 /* main.m */ = {isa = PBXFileReference; lastKnownFileType = sourcecode.c.objc; path = main.m; sourceTree = "<group>"; };
		65DB268A259C45970039B573 /* iOSXibLayoutTests.xctest */ = {isa = PBXFileReference; explicitFileType = wrapper.cfbundle; includeInIndex = 0; path = iOSXibLayoutTests.xctest; sourceTree = BUILT_PRODUCTS_DIR; };
		65DB268E259C45970039B573 /* iOSXibLayoutTests.m */ = {isa = PBXFileReference; lastKnownFileType = sourcecode.c.objc; path = iOSXibLayoutTests.m; sourceTree = "<group>"; };
		65DB2690259C45970039B573 /* Info.plist */ = {isa = PBXFileReference; lastKnownFileType = text.plist.xml; path = Info.plist; sourceTree = "<group>"; };
		65DB2695259C45970039B573 /* iOSXibLayoutUITests.xctest */ = {isa = PBXFileReference; explicitFileType = wrapper.cfbundle; includeInIndex = 0; path = iOSXibLayoutUITests.xctest; sourceTree = BUILT_PRODUCTS_DIR; };
		65DB2699259C45970039B573 /* iOSXibLayoutUITests.m */ = {isa = PBXFileReference; lastKnownFileType = sourcecode.c.objc; path = iOSXibLayoutUITests.m; sourceTree = "<group>"; };
		65DB269B259C45970039B573 /* Info.plist */ = {isa = PBXFileReference; lastKnownFileType = text.plist.xml; path = Info.plist; sourceTree = "<group>"; };
/* End PBXFileReference section */

/* Begin PBXFrameworksBuildPhase section */
		65DB2669259C45920039B573 /* Frameworks */ = {
			isa = PBXFrameworksBuildPhase;
			buildActionMask = 2147483647;
			files = (
			);
			runOnlyForDeploymentPostprocessing = 0;
		};
		65DB2687259C45970039B573 /* Frameworks */ = {
			isa = PBXFrameworksBuildPhase;
			buildActionMask = 2147483647;
			files = (
			);
			runOnlyForDeploymentPostprocessing = 0;
		};
		65DB2692259C45970039B573 /* Frameworks */ = {
			isa = PBXFrameworksBuildPhase;
			buildActionMask = 2147483647;
			files = (
			);
			runOnlyForDeploymentPostprocessing = 0;
		};
/* End PBXFrameworksBuildPhase section */

/* Begin PBXGroup section */
		65DB2663259C45920039B573 = {
			isa = PBXGroup;
			children = (
				65DB266E259C45920039B573 /* iOSXibLayout */,
				65DB268D259C45970039B573 /* iOSXibLayoutTests */,
				65DB2698259C45970039B573 /* iOSXibLayoutUITests */,
				65DB266D259C45920039B573 /* Products */,
			);
			sourceTree = "<group>";
		};
		65DB266D259C45920039B573 /* Products */ = {
			isa = PBXGroup;
			children = (
				65DB266C259C45920039B573 /* iOSXibLayout.app */,
				65DB268A259C45970039B573 /* iOSXibLayoutTests.xctest */,
				65DB2695259C45970039B573 /* iOSXibLayoutUITests.xctest */,
			);
			name = Products;
			sourceTree = "<group>";
		};
		65DB266E259C45920039B573 /* iOSXibLayout */ = {
			isa = PBXGroup;
			children = (
				65DB266F259C45920039B573 /* AppDelegate.h */,
				65DB2670259C45920039B573 /* AppDelegate.m */,
				65DB2672259C45920039B573 /* SceneDelegate.h */,
				65DB2673259C45920039B573 /* SceneDelegate.m */,
				65DB2675259C45920039B573 /* ViewController.h */,
				65DB2676259C45920039B573 /* ViewController.m */,
				65DB2678259C45920039B573 /* Main.storyboard */,
				65DB267E259C45970039B573 /* Assets.xcassets */,
				65DB2680259C45970039B573 /* LaunchScreen.storyboard */,
				65DB2683259C45970039B573 /* Info.plist */,
				65DB2684259C45970039B573 /* main.m */,
				65DB267B259C45920039B573 /* iOSXibLayout.xcdatamodeld */,
			);
			path = iOSXibLayout;
			sourceTree = "<group>";
		};
		65DB268D259C45970039B573 /* iOSXibLayoutTests */ = {
			isa = PBXGroup;
			children = (
				65DB268E259C45970039B573 /* iOSXibLayoutTests.m */,
				65DB2690259C45970039B573 /* Info.plist */,
			);
			path = iOSXibLayoutTests;
			sourceTree = "<group>";
		};
		65DB2698259C45970039B573 /* iOSXibLayoutUITests */ = {
			isa = PBXGroup;
			children = (
				65DB2699259C45970039B573 /* iOSXibLayoutUITests.m */,
				65DB269B259C45970039B573 /* Info.plist */,
			);
			path = iOSXibLayoutUITests;
			sourceTree = "<group>";
		};
/* End PBXGroup section */

/* Begin PBXNativeTarget section */
		65DB266B259C45920039B573 /* iOSXibLayout */ = {
			isa = PBXNativeTarget;
			buildConfigurationList = 65DB269E259C45970039B573 /* Build configuration list for PBXNativeTarget "iOSXibLayout" */;
			buildPhases = (
				65DB2668259C45920039B573 /* Sources */,
				65DB2669259C45920039B573 /* Frameworks */,
				65DB266A259C45920039B573 /* Resources */,
			);
			buildRules = (
			);
			dependencies = (
			);
			name = iOSXibLayout;
			productName = iOSXibLayout;
			productReference = 65DB266C259C45920039B573 /* iOSXibLayout.app */;
			productType = "com.apple.product-type.application";
		};
		65DB2689259C45970039B573 /* iOSXibLayoutTests */ = {
			isa = PBXNativeTarget;
			buildConfigurationList = 65DB26A1259C45970039B573 /* Build configuration list for PBXNativeTarget "iOSXibLayoutTests" */;
			buildPhases = (
				65DB2686259C45970039B573 /* Sources */,
				65DB2687259C45970039B573 /* Frameworks */,
				65DB2688259C45970039B573 /* Resources */,
			);
			buildRules = (
			);
			dependencies = (
				65DB268C259C45970039B573 /* PBXTargetDependency */,
			);
			name = iOSXibLayoutTests;
			productName = iOSXibLayoutTests;
			productReference = 65DB268A259C45970039B573 /* iOSXibLayoutTests.xctest */;
			productType = "com.apple.product-type.bundle.unit-test";
		};
		65DB2694259C45970039B573 /* iOSXibLayoutUITests */ = {
			isa = PBXNativeTarget;
			buildConfigurationList = 65DB26A4259C45970039B573 /* Build configuration list for PBXNativeTarget "iOSXibLayoutUITests" */;
			buildPhases = (
				65DB2691259C45970039B573 /* Sources */,
				65DB2692259C45970039B573 /* Frameworks */,
				65DB2693259C45970039B573 /* Resources */,
			);
			buildRules = (
			);
			dependencies = (
				65DB2697259C45970039B573 /* PBXTargetDependency */,
			);
			name = iOSXibLayoutUITests;
			productName = iOSXibLayoutUITests;
			productReference = 65DB2695259C45970039B573 /* iOSXibLayoutUITests.xctest */;
			productType = "com.apple.product-type.bundle.ui-testing";
		};
/* End PBXNativeTarget section */

/* Begin PBXProject section */
		65DB2664259C45920039B573 /* Project object */ = {
			isa = PBXProject;
			attributes = {
				LastUpgradeCheck = 1210;
				TargetAttributes = {
					65DB266B259C45920039B573 = {
						CreatedOnToolsVersion = 12.1;
					};
					65DB2689259C45970039B573 = {
						CreatedOnToolsVersion = 12.1;
						TestTargetID = 65DB266B259C45920039B573;
					};
					65DB2694259C45970039B573 = {
						CreatedOnToolsVersion = 12.1;
						TestTargetID = 65DB266B259C45920039B573;
					};
				};
			};
			buildConfigurationList = 65DB2667259C45920039B573 /* Build configuration list for PBXProject "iOSXibLayout" */;
			compatibilityVersion = "Xcode 9.3";
			developmentRegion = en;
			hasScannedForEncodings = 0;
			knownRegions = (
				en,
				Base,
			);
			mainGroup = 65DB2663259C45920039B573;
			productRefGroup = 65DB266D259C45920039B573 /* Products */;
			projectDirPath = "";
			projectRoot = "";
			targets = (
				65DB266B259C45920039B573 /* iOSXibLayout */,
				65DB2689259C45970039B573 /* iOSXibLayoutTests */,
				65DB2694259C45970039B573 /* iOSXibLayoutUITests */,
			);
		};
/* End PBXProject section */

/* Begin PBXResourcesBuildPhase section */
		65DB266A259C45920039B573 /* Resources */ = {
			isa = PBXResourcesBuildPhase;
			buildActionMask = 2147483647;
			files = (
				65DB2682259C45970039B573 /* LaunchScreen.storyboard in Resources */,
				65DB267F259C45970039B573 /* Assets.xcassets in Resources */,
				65DB267A259C45920039B573 /* Main.storyboard in Resources */,
			);
			runOnlyForDeploymentPostprocessing = 0;
		};
		65DB2688259C45970039B573 /* Resources */ = {
			isa = PBXResourcesBuildPhase;
			buildActionMask = 2147483647;
			files = (
			);
			runOnlyForDeploymentPostprocessing = 0;
		};
		65DB2693259C45970039B573 /* Resources */ = {
			isa = PBXResourcesBuildPhase;
			buildActionMask = 2147483647;
			files = (
			);
			runOnlyForDeploymentPostprocessing = 0;
		};
/* End PBXResourcesBuildPhase section */

/* Begin PBXSourcesBuildPhase section */
		65DB2668259C45920039B573 /* Sources */ = {
			isa = PBXSourcesBuildPhase;
			buildActionMask = 2147483647;
			files = (
				65DB2685259C45970039B573 /* main.m in Sources */,
				65DB2677259C45920039B573 /* ViewController.m in Sources */,
				65DB267D259C45920039B573 /* iOSXibLayout.xcdatamodeld in Sources */,
				65DB2671259C45920039B573 /* AppDelegate.m in Sources */,
				65DB2674259C45920039B573 /* SceneDelegate.m in Sources */,
			);
			runOnlyForDeploymentPostprocessing = 0;
		};
		65DB2686259C45970039B573 /* Sources */ = {
			isa = PBXSourcesBuildPhase;
			buildActionMask = 2147483647;
			files = (
				65DB268F259C45970039B573 /* iOSXibLayoutTests.m in Sources */,
			);
			runOnlyForDeploymentPostprocessing = 0;
		};
		65DB2691259C45970039B573 /* Sources */ = {
			isa = PBXSourcesBuildPhase;
			buildActionMask = 2147483647;
			files = (
				65DB269A259C45970039B573 /* iOSXibLayoutUITests.m in Sources */,
			);
			runOnlyForDeploymentPostprocessing = 0;
		};
/* End PBXSourcesBuildPhase section */

/* Begin PBXTargetDependency section */
		65DB268C259C45970039B573 /* PBXTargetDependency */ = {
			isa = PBXTargetDependency;
			target = 65DB266B259C45920039B573 /* iOSXibLayout */;
			targetProxy = 65DB268B259C45970039B573 /* PBXContainerItemProxy */;
		};
		65DB2697259C45970039B573 /* PBXTargetDependency */ = {
			isa = PBXTargetDependency;
			target = 65DB266B259C45920039B573 /* iOSXibLayout */;
			targetProxy = 65DB2696259C45970039B573 /* PBXContainerItemProxy */;
		};
/* End PBXTargetDependency section */

/* Begin PBXVariantGroup section */
		65DB2678259C45920039B573 /* Main.storyboard */ = {
			isa = PBXVariantGroup;
			children = (
				65DB2679259C45920039B573 /* Base */,
			);
			name = Main.storyboard;
			sourceTree = "<group>";
		};
		65DB2680259C45970039B573 /* LaunchScreen.storyboard */ = {
			isa = PBXVariantGroup;
			children = (
				65DB2681259C45970039B573 /* Base */,
			);
			name = LaunchScreen.storyboard;
			sourceTree = "<group>";
		};
/* End PBXVariantGroup section */

/* Begin XCBuildConfiguration section */
		65DB269C259C45970039B573 /* Debug */ = {
			isa = XCBuildConfiguration;
			buildSettings = {
				ALWAYS_SEARCH_USER_PATHS = NO;
				CLANG_ANALYZER_NONNULL = YES;
				CLANG_ANALYZER_NUMBER_OBJECT_CONVERSION = YES_AGGRESSIVE;
				CLANG_CXX_LANGUAGE_STANDARD = "gnu++14";
				CLANG_CXX_LIBRARY = "libc++";
				CLANG_ENABLE_MODULES = YES;
				CLANG_ENABLE_OBJC_ARC = YES;
				CLANG_ENABLE_OBJC_WEAK = YES;
				CLANG_WARN_BLOCK_CAPTURE_AUTORELEASING = YES;
				CLANG_WARN_BOOL_CONVERSION = YES;
				CLANG_WARN_COMMA = YES;
				CLANG_WARN_CONSTANT_CONVERSION = YES;
				CLANG_WARN_DEPRECATED_OBJC_IMPLEMENTATIONS = YES;
				CLANG_WARN_DIRECT_OBJC_ISA_USAGE = YES_ERROR;
				CLANG_WARN_DOCUMENTATION_COMMENTS = YES;
				CLANG_WARN_EMPTY_BODY = YES;
				CLANG_WARN_ENUM_CONVERSION = YES;
				CLANG_WARN_INFINITE_RECURSION = YES;
				CLANG_WARN_INT_CONVERSION = YES;
				CLANG_WARN_NON_LITERAL_NULL_CONVERSION = YES;
				CLANG_WARN_OBJC_IMPLICIT_RETAIN_SELF = YES;
				CLANG_WARN_OBJC_LITERAL_CONVERSION = YES;
				CLANG_WARN_OBJC_ROOT_CLASS = YES_ERROR;
				CLANG_WARN_QUOTED_INCLUDE_IN_FRAMEWORK_HEADER = YES;
				CLANG_WARN_RANGE_LOOP_ANALYSIS = YES;
				CLANG_WARN_STRICT_PROTOTYPES = YES;
				CLANG_WARN_SUSPICIOUS_MOVE = YES;
				CLANG_WARN_UNGUARDED_AVAILABILITY = YES_AGGRESSIVE;
				CLANG_WARN_UNREACHABLE_CODE = YES;
				CLANG_WARN__DUPLICATE_METHOD_MATCH = YES;
				COPY_PHASE_STRIP = NO;
				DEBUG_INFORMATION_FORMAT = dwarf;
				ENABLE_STRICT_OBJC_MSGSEND = YES;
				ENABLE_TESTABILITY = YES;
				GCC_C_LANGUAGE_STANDARD = gnu11;
				GCC_DYNAMIC_NO_PIC = NO;
				GCC_NO_COMMON_BLOCKS = YES;
				GCC_OPTIMIZATION_LEVEL = 0;
				GCC_PREPROCESSOR_DEFINITIONS = (
					"DEBUG=1",
					"$(inherited)",
				);
				GCC_WARN_64_TO_32_BIT_CONVERSION = YES;
				GCC_WARN_ABOUT_RETURN_TYPE = YES_ERROR;
				GCC_WARN_UNDECLARED_SELECTOR = YES;
				GCC_WARN_UNINITIALIZED_AUTOS = YES_AGGRESSIVE;
				GCC_WARN_UNUSED_FUNCTION = YES;
				GCC_WARN_UNUSED_VARIABLE = YES;
				IPHONEOS_DEPLOYMENT_TARGET = 14.1;
				MTL_ENABLE_DEBUG_INFO = INCLUDE_SOURCE;
				MTL_FAST_MATH = YES;
				ONLY_ACTIVE_ARCH = YES;
				SDKROOT = iphoneos;
			};
			name = Debug;
		};
		65DB269D259C45970039B573 /* Release */ = {
			isa = XCBuildConfiguration;
			buildSettings = {
				ALWAYS_SEARCH_USER_PATHS = NO;
				CLANG_ANALYZER_NONNULL = YES;
				CLANG_ANALYZER_NUMBER_OBJECT_CONVERSION = YES_AGGRESSIVE;
				CLANG_CXX_LANGUAGE_STANDARD = "gnu++14";
				CLANG_CXX_LIBRARY = "libc++";
				CLANG_ENABLE_MODULES = YES;
				CLANG_ENABLE_OBJC_ARC = YES;
				CLANG_ENABLE_OBJC_WEAK = YES;
				CLANG_WARN_BLOCK_CAPTURE_AUTORELEASING = YES;
				CLANG_WARN_BOOL_CONVERSION = YES;
				CLANG_WARN_COMMA = YES;
				CLANG_WARN_CONSTANT_CONVERSION = YES;
				CLANG_WARN_DEPRECATED_OBJC_IMPLEMENTATIONS = YES;
				CLANG_WARN_DIRECT_OBJC_ISA_USAGE = YES_ERROR;
				CLANG_WARN_DOCUMENTATION_COMMENTS = YES;
				CLANG_WARN_EMPTY_BODY = YES;
				CLANG_WARN_ENUM_CONVERSION = YES;
				CLANG_WARN_INFINITE_RECURSION = YES;
				CLANG_WARN_INT_CONVERSION = YES;
				CLANG_WARN_NON_LITERAL_NULL_CONVERSION = YES;
				CLANG_WARN_OBJC_IMPLICIT_RETAIN_SELF = YES;
				CLANG_WARN_OBJC_LITERAL_CONVERSION = YES;
				CLANG_WARN_OBJC_ROOT_CLASS = YES_ERROR;
				CLANG_WARN_QUOTED_INCLUDE_IN_FRAMEWORK_HEADER = YES;
				CLANG_WARN_RANGE_LOOP_ANALYSIS = YES;
				CLANG_WARN_STRICT_PROTOTYPES = YES;
				CLANG_WARN_SUSPICIOUS_MOVE = YES;
				CLANG_WARN_UNGUARDED_AVAILABILITY = YES_AGGRESSIVE;
				CLANG_WARN_UNREACHABLE_CODE = YES;
				CLANG_WARN__DUPLICATE_METHOD_MATCH = YES;
				COPY_PHASE_STRIP = NO;
				DEBUG_INFORMATION_FORMAT = "dwarf-with-dsym";
				ENABLE_NS_ASSERTIONS = NO;
				ENABLE_STRICT_OBJC_MSGSEND = YES;
				GCC_C_LANGUAGE_STANDARD = gnu11;
				GCC_NO_COMMON_BLOCKS = YES;
				GCC_WARN_64_TO_32_BIT_CONVERSION = YES;
				GCC_WARN_ABOUT_RETURN_TYPE = YES_ERROR;
				GCC_WARN_UNDECLARED_SELECTOR = YES;
				GCC_WARN_UNINITIALIZED_AUTOS = YES_AGGRESSIVE;
				GCC_WARN_UNUSED_FUNCTION = YES;
				GCC_WARN_UNUSED_VARIABLE = YES;
				IPHONEOS_DEPLOYMENT_TARGET = 14.1;
				MTL_ENABLE_DEBUG_INFO = NO;
				MTL_FAST_MATH = YES;
				SDKROOT = iphoneos;
				VALIDATE_PRODUCT = YES;
			};
			name = Release;
		};
		65DB269F259C45970039B573 /* Debug */ = {
			isa = XCBuildConfiguration;
			buildSettings = {
				ASSETCATALOG_COMPILER_APPICON_NAME = AppIcon;
				ASSETCATALOG_COMPILER_GLOBAL_ACCENT_COLOR_NAME = AccentColor;
				CODE_SIGN_STYLE = Automatic;
				DEVELOPMENT_TEAM = C2989MFX2P;
				INFOPLIST_FILE = iOSXibLayout/Info.plist;
				LD_RUNPATH_SEARCH_PATHS = (
					"$(inherited)",
					"@executable_path/Frameworks",
				);
				PRODUCT_BUNDLE_IDENTIFIER = com.china.mt.iOSXibLayout;
				PRODUCT_NAME = "$(TARGET_NAME)";
				TARGETED_DEVICE_FAMILY = "1,2";
			};
			name = Debug;
		};
		65DB26A0259C45970039B573 /* Release */ = {
			isa = XCBuildConfiguration;
			buildSettings = {
				ASSETCATALOG_COMPILER_APPICON_NAME = AppIcon;
				ASSETCATALOG_COMPILER_GLOBAL_ACCENT_COLOR_NAME = AccentColor;
				CODE_SIGN_STYLE = Automatic;
				DEVELOPMENT_TEAM = C2989MFX2P;
				INFOPLIST_FILE = iOSXibLayout/Info.plist;
				LD_RUNPATH_SEARCH_PATHS = (
					"$(inherited)",
					"@executable_path/Frameworks",
				);
				PRODUCT_BUNDLE_IDENTIFIER = com.china.mt.iOSXibLayout;
				PRODUCT_NAME = "$(TARGET_NAME)";
				TARGETED_DEVICE_FAMILY = "1,2";
			};
			name = Release;
		};
		65DB26A2259C45970039B573 /* Debug */ = {
			isa = XCBuildConfiguration;
			buildSettings = {
				BUNDLE_LOADER = "$(TEST_HOST)";
				CODE_SIGN_STYLE = Automatic;
				DEVELOPMENT_TEAM = C2989MFX2P;
				INFOPLIST_FILE = iOSXibLayoutTests/Info.plist;
				IPHONEOS_DEPLOYMENT_TARGET = 14.1;
				LD_RUNPATH_SEARCH_PATHS = (
					"$(inherited)",
					"@executable_path/Frameworks",
					"@loader_path/Frameworks",
				);
				PRODUCT_BUNDLE_IDENTIFIER = com.china.mt.iOSXibLayoutTests;
				PRODUCT_NAME = "$(TARGET_NAME)";
				TARGETED_DEVICE_FAMILY = "1,2";
				TEST_HOST = "$(BUILT_PRODUCTS_DIR)/iOSXibLayout.app/iOSXibLayout";
			};
			name = Debug;
		};
		65DB26A3259C45970039B573 /* Release */ = {
			isa = XCBuildConfiguration;
			buildSettings = {
				BUNDLE_LOADER = "$(TEST_HOST)";
				CODE_SIGN_STYLE = Automatic;
				DEVELOPMENT_TEAM = C2989MFX2P;
				INFOPLIST_FILE = iOSXibLayoutTests/Info.plist;
				IPHONEOS_DEPLOYMENT_TARGET = 14.1;
				LD_RUNPATH_SEARCH_PATHS = (
					"$(inherited)",
					"@executable_path/Frameworks",
					"@loader_path/Frameworks",
				);
				PRODUCT_BUNDLE_IDENTIFIER = com.china.mt.iOSXibLayoutTests;
				PRODUCT_NAME = "$(TARGET_NAME)";
				TARGETED_DEVICE_FAMILY = "1,2";
				TEST_HOST = "$(BUILT_PRODUCTS_DIR)/iOSXibLayout.app/iOSXibLayout";
			};
			name = Release;
		};
		65DB26A5259C45970039B573 /* Debug */ = {
			isa = XCBuildConfiguration;
			buildSettings = {
				CODE_SIGN_STYLE = Automatic;
				DEVELOPMENT_TEAM = C2989MFX2P;
				INFOPLIST_FILE = iOSXibLayoutUITests/Info.plist;
				LD_RUNPATH_SEARCH_PATHS = (
					"$(inherited)",
					"@executable_path/Frameworks",
					"@loader_path/Frameworks",
				);
				PRODUCT_BUNDLE_IDENTIFIER = com.china.mt.iOSXibLayoutUITests;
				PRODUCT_NAME = "$(TARGET_NAME)";
				TARGETED_DEVICE_FAMILY = "1,2";
				TEST_TARGET_NAME = iOSXibLayout;
			};
			name = Debug;
		};
		65DB26A6259C45970039B573 /* Release */ = {
			isa = XCBuildConfiguration;
			buildSettings = {
				CODE_SIGN_STYLE = Automatic;
				DEVELOPMENT_TEAM = C2989MFX2P;
				INFOPLIST_FILE = iOSXibLayoutUITests/Info.plist;
				LD_RUNPATH_SEARCH_PATHS = (
					"$(inherited)",
					"@executable_path/Frameworks",
					"@loader_path/Frameworks",
				);
				PRODUCT_BUNDLE_IDENTIFIER = com.china.mt.iOSXibLayoutUITests;
				PRODUCT_NAME = "$(TARGET_NAME)";
				TARGETED_DEVICE_FAMILY = "1,2";
				TEST_TARGET_NAME = iOSXibLayout;
			};
			name = Release;
		};
/* End XCBuildConfiguration section */

/* Begin XCConfigurationList section */
		65DB2667259C45920039B573 /* Build configuration list for PBXProject "iOSXibLayout" */ = {
			isa = XCConfigurationList;
			buildConfigurations = (
				65DB269C259C45970039B573 /* Debug */,
				65DB269D259C45970039B573 /* Release */,
			);
			defaultConfigurationIsVisible = 0;
			defaultConfigurationName = Release;
		};
		65DB269E259C45970039B573 /* Build configuration list for PBXNativeTarget "iOSXibLayout" */ = {
			isa = XCConfigurationList;
			buildConfigurations = (
				65DB269F259C45970039B573 /* Debug */,
				65DB26A0259C45970039B573 /* Release */,
			);
			defaultConfigurationIsVisible = 0;
			defaultConfigurationName = Release;
		};
		65DB26A1259C45970039B573 /* Build configuration list for PBXNativeTarget "iOSXibLayoutTests" */ = {
			isa = XCConfigurationList;
			buildConfigurations = (
				65DB26A2259C45970039B573 /* Debug */,
				65DB26A3259C45970039B573 /* Release */,
			);
			defaultConfigurationIsVisible = 0;
			defaultConfigurationName = Release;
		};
		65DB26A4259C45970039B573 /* Build configuration list for PBXNativeTarget "iOSXibLayoutUITests" */ = {
			isa = XCConfigurationList;
			buildConfigurations = (
				65DB26A5259C45970039B573 /* Debug */,
				65DB26A6259C45970039B573 /* Release */,
			);
			defaultConfigurationIsVisible = 0;
			defaultConfigurationName = Release;
		};
/* End XCConfigurationList section */

/* Begin XCVersionGroup section */
		65DB267B259C45920039B573 /* iOSXibLayout.xcdatamodeld */ = {
			isa = XCVersionGroup;
			children = (
				65DB267C259C45920039B573 /* iOSXibLayout.xcdatamodel */,
			);
			currentVersion = 65DB267C259C45920039B573 /* iOSXibLayout.xcdatamodel */;
			path = iOSXibLayout.xcdatamodeld;
			sourceTree = "<group>";
			versionGroupType = wrapper.xcdatamodel;
		};
/* End XCVersionGroup section */
	};
	rootObject = 65DB2664259C45920039B573 /* Project object */;
}
